
Microsoft Visual Studio Solution File, Format Version 12.00
# Visual Studio Version 17
VisualStudioVersion = 17.10.35004.147
MinimumVisualStudioVersion = 10.0.40219.1
Project("{9A19103F-16F7-4668-BE54-9A1E7A4F7556}") = "BulkyBook.Web", "Bulky.Web\BulkyBook.Web.csproj", "{D1423B17-CD2B-4AC1-9435-1937B780D2FD}"
EndProject
Project("{9A19103F-16F7-4668-BE54-9A1E7A4F7556}") = "BulkyBook.Web.Razor", "Bulky.Web.Razor\BulkyBook.Web.Razor.csproj", "{6E948373-1FFE-40BB-812F-C33F6C4FAA77}"
EndProject
Project("{FAE04EC0-301F-11D3-BF4B-00C04F79EFBC}") = "BulkyBook.DataAccess", "Bulky.DataAccess\BulkyBook.DataAccess.csproj", "{347B58D7-684C-439A-B229-C5CA4CAB08EE}"
EndProject
Project("{FAE04EC0-301F-11D3-BF4B-00C04F79EFBC}") = "BulkyBook.Models", "Bulky.Models\BulkyBook.Models.csproj", "{1D88807F-6C28-41F2-9A3D-262267BAFBBC}"
EndProject
Global
	GlobalSection(SolutionConfigurationPlatforms) = preSolution
		Debug|Any CPU = Debug|Any CPU
		Release|Any CPU = Release|Any CPU
	EndGlobalSection
	GlobalSection(ProjectConfigurationPlatforms) = postSolution
		{D1423B17-CD2B-4AC1-9435-1937B780D2FD}.Debug|Any CPU.ActiveCfg = Debug|Any CPU
		{D1423B17-CD2B-4AC1-9435-1937B780D2FD}.Debug|Any CPU.Build.0 = Debug|Any CPU
		{D1423B17-CD2B-4AC1-9435-1937B780D2FD}.Release|Any CPU.ActiveCfg = Release|Any CPU
		{D1423B17-CD2B-4AC1-9435-1937B780D2FD}.Release|Any CPU.Build.0 = Release|Any CPU
		{6E948373-1FFE-40BB-812F-C33F6C4FAA77}.Debug|Any CPU.ActiveCfg = Debug|Any CPU
		{6E948373-1FFE-40BB-812F-C33F6C4FAA77}.Debug|Any CPU.Build.0 = Debug|Any CPU
		{6E948373-1FFE-40BB-812F-C33F6C4FAA77}.Release|Any CPU.ActiveCfg = Release|Any CPU
		{6E948373-1FFE-40BB-812F-C33F6C4FAA77}.Release|Any CPU.Build.0 = Release|Any CPU
		{347B58D7-684C-439A-B229-C5CA4CAB08EE}.Debug|Any CPU.ActiveCfg = Debug|Any CPU
		{347B58D7-684C-439A-B229-C5CA4CAB08EE}.Debug|Any CPU.Build.0 = Debug|Any CPU
		{347B58D7-684C-439A-B229-C5CA4CAB08EE}.Release|Any CPU.ActiveCfg = Release|Any CPU
		{347B58D7-684C-439A-B229-C5CA4CAB08EE}.Release|Any CPU.Build.0 = Release|Any CPU
		{1D88807F-6C28-41F2-9A3D-262267BAFBBC}.Debug|Any CPU.ActiveCfg = Debug|Any CPU
		{1D88807F-6C28-41F2-9A3D-262267BAFBBC}.Debug|Any CPU.Build.0 = Debug|Any CPU
		{1D88807F-6C28-41F2-9A3D-262267BAFBBC}.Release|Any CPU.ActiveCfg = Release|Any CPU
		{1D88807F-6C28-41F2-9A3D-262267BAFBBC}.Release|Any CPU.Build.0 = Release|Any CPU
	EndGlobalSection
	GlobalSection(SolutionProperties) = preSolution
		HideSolutionNode = FALSE
	EndGlobalSection
	GlobalSection(ExtensibilityGlobals) = postSolution
		SolutionGuid = {66BC00CA-ED08-4DC6-9FBF-13BD06236768}
	EndGlobalSection
EndGlobal
